
Microsoft Visual Studio Solution File, Format Version 12.00
# Visual Studio Version 16
VisualStudioVersion = 16.0.30804.86
MinimumVisualStudioVersion = 10.0.40219.1
Project("{FAE04EC0-301F-11D3-BF4B-00C04F79EFBC}") = "ReferanceTypes", "CSharpOOP\ReferanceTypes.csproj", "{52919590-59C6-4075-9643-A4CF052C6DC7}"
EndProject
Project("{FAE04EC0-301F-11D3-BF4B-00C04F79EFBC}") = "Constructors", "Constructors\Constructors.csproj", "{81580D95-216C-4F64-AF1B-076CEC618C04}"
EndProject
Project("{FAE04EC0-301F-11D3-BF4B-00C04F79EFBC}") = "Generics", "Generics\Generics.csproj", "{9DE564E8-AC5B-4863-A895-6B15748379DF}"
EndProject
Global
	GlobalSection(SolutionConfigurationPlatforms) = preSolution
		Debug|Any CPU = Debug|Any CPU
		Release|Any CPU = Release|Any CPU
	EndGlobalSection
	GlobalSection(ProjectConfigurationPlatforms) = postSolution
		{52919590-59C6-4075-9643-A4CF052C6DC7}.Debug|Any CPU.ActiveCfg = Debug|Any CPU
		{52919590-59C6-4075-9643-A4CF052C6DC7}.Debug|Any CPU.Build.0 = Debug|Any CPU
		{52919590-59C6-4075-9643-A4CF052C6DC7}.Release|Any CPU.ActiveCfg = Release|Any CPU
		{52919590-59C6-4075-9643-A4CF052C6DC7}.Release|Any CPU.Build.0 = Release|Any CPU
		{81580D95-216C-4F64-AF1B-076CEC618C04}.Debug|Any CPU.ActiveCfg = Debug|Any CPU
		{81580D95-216C-4F64-AF1B-076CEC618C04}.Debug|Any CPU.Build.0 = Debug|Any CPU
		{81580D95-216C-4F64-AF1B-076CEC618C04}.Release|Any CPU.ActiveCfg = Release|Any CPU
		{81580D95-216C-4F64-AF1B-076CEC618C04}.Release|Any CPU.Build.0 = Release|Any CPU
		{9DE564E8-AC5B-4863-A895-6B15748379DF}.Debug|Any CPU.ActiveCfg = Debug|Any CPU
		{9DE564E8-AC5B-4863-A895-6B15748379DF}.Debug|Any CPU.Build.0 = Debug|Any CPU
		{9DE564E8-AC5B-4863-A895-6B15748379DF}.Release|Any CPU.ActiveCfg = Release|Any CPU
		{9DE564E8-AC5B-4863-A895-6B15748379DF}.Release|Any CPU.Build.0 = Release|Any CPU
	EndGlobalSection
	GlobalSection(SolutionProperties) = preSolution
		HideSolutionNode = FALSE
	EndGlobalSection
	GlobalSection(ExtensibilityGlobals) = postSolution
		SolutionGuid = {E3E3C323-69A4-4929-8795-A45D3667349F}
	EndGlobalSection
EndGlobal
